
Microsoft Visual Studio Solution File, Format Version 12.00
# Visual Studio Version 17
VisualStudioVersion = 17.1.32328.378
MinimumVisualStudioVersion = 10.0.40219.1
Project("{FAE04EC0-301F-11D3-BF4B-00C04F79EFBC}") = "testeApiBasica", "testeAPicerto\testeApiBasica.csproj", "{2BA52211-B49A-4F16-AB30-13FABF4FEA2B}"
EndProject
Global
	GlobalSection(SolutionConfigurationPlatforms) = preSolution
		Debug|Any CPU = Debug|Any CPU
		Release|Any CPU = Release|Any CPU
	EndGlobalSection
	GlobalSection(ProjectConfigurationPlatforms) = postSolution
		{2BA52211-B49A-4F16-AB30-13FABF4FEA2B}.Debug|Any CPU.ActiveCfg = Debug|Any CPU
		{2BA52211-B49A-4F16-AB30-13FABF4FEA2B}.Debug|Any CPU.Build.0 = Debug|Any CPU
		{2BA52211-B49A-4F16-AB30-13FABF4FEA2B}.Release|Any CPU.ActiveCfg = Release|Any CPU
		{2BA52211-B49A-4F16-AB30-13FABF4FEA2B}.Release|Any CPU.Build.0 = Release|Any CPU
	EndGlobalSection
	GlobalSection(SolutionProperties) = preSolution
		HideSolutionNode = FALSE
	EndGlobalSection
	GlobalSection(ExtensibilityGlobals) = postSolution
		SolutionGuid = {BFA7D2E7-6982-42F8-B03C-9FC4F11D8E43}
	EndGlobalSection
EndGlobal
